PODS:
  - Alamofire (3.5.0)
  - AlamofireImage (2.5.0):
    - Alamofire (~> 3.5)
  - Crashlytics (3.8.1):
    - Fabric (~> 1.6.3)
  - Device (1.0.3)
  - Fabric (1.6.8)
  - KeychainSwift (3.0.16)
  - SwiftyJSON (2.4.0)

DEPENDENCIES:
  - Alamofire (~> 3.4)
  - AlamofireImage (~> 2.0)
  - Crashlytics
  - Device (~> 1.0.1)
  - Fabric
  - KeychainSwift (~> 3.0)
  - SwiftyJSON (= 2.4.0)

SPEC CHECKSUMS:
  Alamofire: b70a7352335f8ea5babd0a923eb7e8eacc67b877
  AlamofireImage: 2d34936e5201270bb17a316a786e90e83b4a249d
  Crashlytics: 4391d8df0b125345e9f209c5db6e7f40a6a8435d
  Device: bcf333c7c497edabe6df9560fd64f1e255d45b2b
  Fabric: 5755268d0171435ab167e3d0878a28a777deaf10
  KeychainSwift: a5bb85cd498ce2217b55e055ec59e9268d83384c
  SwiftyJSON: 96918c1bf505efa50c4f72957018dd3452090c9c

PODFILE CHECKSUM: 040da1c61af601527ecd0116c7b7d0bb7be90c4a

COCOAPODS: 1.0.1
