// !$*UTF8*$!
{
	archiveVersion = 1;
	classes = {
	};
	objectVersion = 46;
	objects = {

/* Begin PBXBuildFile section */
		B12319691DE40CAA00D58389 /* PlaceBetsViewController.swift in Sources */ = {isa = PBXBuildFile; fileRef = B12319681DE40CAA00D58389 /* PlaceBetsViewController.swift */; };
		B13287E31DE419C300754748 /* PlaceBetsCustomCell.swift in Sources */ = {isa = PBXBuildFile; fileRef = B13287E21DE419C300754748 /* PlaceBetsCustomCell.swift */; };
		B13287E51DE4357300754748 /* TeamAnswersCustomCell.swift in Sources */ = {isa = PBXBuildFile; fileRef = B13287E41DE4357300754748 /* TeamAnswersCustomCell.swift */; };
		B13287E91DE4366700754748 /* SummonerSkillsAnswerCustomCell.swift in Sources */ = {isa = PBXBuildFile; fileRef = B13287E81DE4366700754748 /* SummonerSkillsAnswerCustomCell.swift */; };
		B13287EB1DE436CC00754748 /* ItemBuildAnswerCustomCell.swift in Sources */ = {isa = PBXBuildFile; fileRef = B13287EA1DE436CC00754748 /* ItemBuildAnswerCustomCell.swift */; };
		B13287ED1DE55FD800754748 /* StandardAnswerCustomCell.swift in Sources */ = {isa = PBXBuildFile; fileRef = B13287EC1DE55FD800754748 /* StandardAnswerCustomCell.swift */; };
		B17C5E321DDC37E200BF27DC /* PlayerStatsViewController.swift in Sources */ = {isa = PBXBuildFile; fileRef = B17C5E311DDC37E200BF27DC /* PlayerStatsViewController.swift */; };
		B17C5E341DDC387000BF27DC /* MatchStatsViewController.swift in Sources */ = {isa = PBXBuildFile; fileRef = B17C5E331DDC387000BF27DC /* MatchStatsViewController.swift */; };
		B1BF6BD71DD58C2C00F95E60 /* PlayerStatsCustomCell.swift in Sources */ = {isa = PBXBuildFile; fileRef = B1BF6BD61DD58C2C00F95E60 /* PlayerStatsCustomCell.swift */; };
		B1E39CA3D240DF34014C0B20 /* Pods_RiftBets.framework in Frameworks */ = {isa = PBXBuildFile; fileRef = 0886AB75FE84F0BCDA8DEF43 /* Pods_RiftBets.framework */; };
		B1E3FA991DB7177C00592E41 /* TabbedViewController.swift in Sources */ = {isa = PBXBuildFile; fileRef = B1E3FA981DB7177C00592E41 /* TabbedViewController.swift */; };
		B1E3FA9D1DB717DE00592E41 /* MatchDetailViewController.swift in Sources */ = {isa = PBXBuildFile; fileRef = B1E3FA9C1DB717DE00592E41 /* MatchDetailViewController.swift */; };
		B1E3FAA01DB7466200592E41 /* ScheduleMatch.swift in Sources */ = {isa = PBXBuildFile; fileRef = B1E3FA9F1DB7466200592E41 /* ScheduleMatch.swift */; };
		B1E3FAA21DB96F9300592E41 /* MatchDateViewController.swift in Sources */ = {isa = PBXBuildFile; fileRef = B1E3FAA11DB96F9300592E41 /* MatchDateViewController.swift */; };
		B1E3FAA41DBDBF6000592E41 /* MatchDateCustomCell.swift in Sources */ = {isa = PBXBuildFile; fileRef = B1E3FAA31DBDBF6000592E41 /* MatchDateCustomCell.swift */; };
		B1E3FAA81DCC8E5800592E41 /* MatchDetail.swift in Sources */ = {isa = PBXBuildFile; fileRef = B1E3FAA71DCC8E5800592E41 /* MatchDetail.swift */; };
		B800FBB51DACC5E5002E449F /* FBSDKCoreKit.framework in Frameworks */ = {isa = PBXBuildFile; fileRef = B800FBB31DACC5E5002E449F /* FBSDKCoreKit.framework */; };
		B800FBB61DACC5E5002E449F /* FBSDKLoginKit.framework in Frameworks */ = {isa = PBXBuildFile; fileRef = B800FBB41DACC5E5002E449F /* FBSDKLoginKit.framework */; };
		B800FBB81DACC614002E449F /* FBSDKShareKit.framework in Frameworks */ = {isa = PBXBuildFile; fileRef = B800FBB71DACC614002E449F /* FBSDKShareKit.framework */; };
		B800FBBC1DACCAF1002E449F /* API.swift in Sources */ = {isa = PBXBuildFile; fileRef = B800FBBB1DACCAF1002E449F /* API.swift */; };
		B800FBC21DACCE2A002E449F /* Device.swift in Sources */ = {isa = PBXBuildFile; fileRef = B800FBC11DACCE2A002E449F /* Device.swift */; };
		B800FBC51DACCE55002E449F /* Config.swift in Sources */ = {isa = PBXBuildFile; fileRef = B800FBC41DACCE55002E449F /* Config.swift */; };
		B800FBC71DACCE73002E449F /* Keychain.swift in Sources */ = {isa = PBXBuildFile; fileRef = B800FBC61DACCE73002E449F /* Keychain.swift */; };
		B800FBC91DACD420002E449F /* Bolts.framework in Frameworks */ = {isa = PBXBuildFile; fileRef = B800FBC81DACD420002E449F /* Bolts.framework */; };
		B87A347E1DAA05F000601B90 /* AppDelegate.swift in Sources */ = {isa = PBXBuildFile; fileRef = B87A347D1DAA05F000601B90 /* AppDelegate.swift */; };
		B87A34801DAA05F000601B90 /* HomeViewController.swift in Sources */ = {isa = PBXBuildFile; fileRef = B87A347F1DAA05F000601B90 /* HomeViewController.swift */; };
		B87A34851DAA05F000601B90 /* Main.storyboard in Resources */ = {isa = PBXBuildFile; fileRef = B87A34831DAA05F000601B90 /* Main.storyboard */; };
		B87A34871DAA05F000601B90 /* Assets.xcassets in Resources */ = {isa = PBXBuildFile; fileRef = B87A34861DAA05F000601B90 /* Assets.xcassets */; };
		B87A348A1DAA05F000601B90 /* LaunchScreen.storyboard in Resources */ = {isa = PBXBuildFile; fileRef = B87A34881DAA05F000601B90 /* LaunchScreen.storyboard */; };
		B8AF95FF1DC9994B00D87558 /* ScheduleNavigationController.swift in Sources */ = {isa = PBXBuildFile; fileRef = B8AF95FE1DC9994B00D87558 /* ScheduleNavigationController.swift */; };
/* End PBXBuildFile section */

/* Begin PBXFileReference section */
		0886AB75FE84F0BCDA8DEF43 /* Pods_RiftBets.framework */ = {isa = PBXFileReference; explicitFileType = wrapper.framework; includeInIndex = 0; path = Pods_RiftBets.framework; sourceTree = BUILT_PRODUCTS_DIR; };
		789A826A52746D1540EC8CDD /* Pods-RiftBets.release.xcconfig */ = {isa = PBXFileReference; includeInIndex = 1; lastKnownFileType = text.xcconfig; name = "Pods-RiftBets.release.xcconfig"; path = "Pods/Target Support Files/Pods-RiftBets/Pods-RiftBets.release.xcconfig"; sourceTree = "<group>"; };
		813FDC87E746BC4944072101 /* Pods-RiftBets.debug.xcconfig */ = {isa = PBXFileReference; includeInIndex = 1; lastKnownFileType = text.xcconfig; name = "Pods-RiftBets.debug.xcconfig"; path = "Pods/Target Support Files/Pods-RiftBets/Pods-RiftBets.debug.xcconfig"; sourceTree = "<group>"; };
		B12319681DE40CAA00D58389 /* PlaceBetsViewController.swift */ = {isa = PBXFileReference; fileEncoding = 4; lastKnownFileType = sourcecode.swift; path = PlaceBetsViewController.swift; sourceTree = "<group>"; };
		B13287E21DE419C300754748 /* PlaceBetsCustomCell.swift */ = {isa = PBXFileReference; fileEncoding = 4; lastKnownFileType = sourcecode.swift; path = PlaceBetsCustomCell.swift; sourceTree = "<group>"; };
		B13287E41DE4357300754748 /* TeamAnswersCustomCell.swift */ = {isa = PBXFileReference; fileEncoding = 4; lastKnownFileType = sourcecode.swift; path = TeamAnswersCustomCell.swift; sourceTree = "<group>"; };
		B13287E81DE4366700754748 /* SummonerSkillsAnswerCustomCell.swift */ = {isa = PBXFileReference; fileEncoding = 4; lastKnownFileType = sourcecode.swift; path = SummonerSkillsAnswerCustomCell.swift; sourceTree = "<group>"; };
		B13287EA1DE436CC00754748 /* ItemBuildAnswerCustomCell.swift */ = {isa = PBXFileReference; fileEncoding = 4; lastKnownFileType = sourcecode.swift; path = ItemBuildAnswerCustomCell.swift; sourceTree = "<group>"; };
		B13287EC1DE55FD800754748 /* StandardAnswerCustomCell.swift */ = {isa = PBXFileReference; fileEncoding = 4; lastKnownFileType = sourcecode.swift; path = StandardAnswerCustomCell.swift; sourceTree = "<group>"; };
		B16F9C811DAA0D3800ED03D7 /* RiftBets-Bridging-Header.h */ = {isa = PBXFileReference; lastKnownFileType = sourcecode.c.h; path = "RiftBets-Bridging-Header.h"; sourceTree = SOURCE_ROOT; };
		B17C5E311DDC37E200BF27DC /* PlayerStatsViewController.swift */ = {isa = PBXFileReference; fileEncoding = 4; lastKnownFileType = sourcecode.swift; path = PlayerStatsViewController.swift; sourceTree = "<group>"; };
		B17C5E331DDC387000BF27DC /* MatchStatsViewController.swift */ = {isa = PBXFileReference; fileEncoding = 4; lastKnownFileType = sourcecode.swift; path = MatchStatsViewController.swift; sourceTree = "<group>"; };
		B1BF6BD61DD58C2C00F95E60 /* PlayerStatsCustomCell.swift */ = {isa = PBXFileReference; fileEncoding = 4; lastKnownFileType = sourcecode.swift; path = PlayerStatsCustomCell.swift; sourceTree = "<group>"; };
		B1DD8CC01DDED7FA001654CC /* RiftBets.entitlements */ = {isa = PBXFileReference; lastKnownFileType = text.plist.entitlements; path = RiftBets.entitlements; sourceTree = "<group>"; };
		B1E3FA981DB7177C00592E41 /* TabbedViewController.swift */ = {isa = PBXFileReference; fileEncoding = 4; lastKnownFileType = sourcecode.swift; path = TabbedViewController.swift; sourceTree = "<group>"; };
		B1E3FA9C1DB717DE00592E41 /* MatchDetailViewController.swift */ = {isa = PBXFileReference; fileEncoding = 4; lastKnownFileType = sourcecode.swift; path = MatchDetailViewController.swift; sourceTree = "<group>"; };
		B1E3FA9F1DB7466200592E41 /* ScheduleMatch.swift */ = {isa = PBXFileReference; fileEncoding = 4; lastKnownFileType = sourcecode.swift; path = ScheduleMatch.swift; sourceTree = "<group>"; };
		B1E3FAA11DB96F9300592E41 /* MatchDateViewController.swift */ = {isa = PBXFileReference; fileEncoding = 4; lastKnownFileType = sourcecode.swift; path = MatchDateViewController.swift; sourceTree = "<group>"; };
		B1E3FAA31DBDBF6000592E41 /* MatchDateCustomCell.swift */ = {isa = PBXFileReference; fileEncoding = 4; lastKnownFileType = sourcecode.swift; path = MatchDateCustomCell.swift; sourceTree = "<group>"; };
		B1E3FAA71DCC8E5800592E41 /* MatchDetail.swift */ = {isa = PBXFileReference; fileEncoding = 4; lastKnownFileType = sourcecode.swift; path = MatchDetail.swift; sourceTree = "<group>"; };
		B800FBB31DACC5E5002E449F /* FBSDKCoreKit.framework */ = {isa = PBXFileReference; lastKnownFileType = wrapper.framework; path = FBSDKCoreKit.framework; sourceTree = "<group>"; };
		B800FBB41DACC5E5002E449F /* FBSDKLoginKit.framework */ = {isa = PBXFileReference; lastKnownFileType = wrapper.framework; name = FBSDKLoginKit.framework; path = "../../../../../../../../Desktop/CMPS115/RiftBets-iOS/FBSDKLoginKit.framework"; sourceTree = BUILT_PRODUCTS_DIR; };
		B800FBB71DACC614002E449F /* FBSDKShareKit.framework */ = {isa = PBXFileReference; lastKnownFileType = wrapper.framework; path = FBSDKShareKit.framework; sourceTree = "<group>"; };
		B800FBBB1DACCAF1002E449F /* API.swift */ = {isa = PBXFileReference; fileEncoding = 4; lastKnownFileType = sourcecode.swift; path = API.swift; sourceTree = "<group>"; };
		B800FBC11DACCE2A002E449F /* Device.swift */ = {isa = PBXFileReference; fileEncoding = 4; lastKnownFileType = sourcecode.swift; path = Device.swift; sourceTree = "<group>"; };
		B800FBC41DACCE55002E449F /* Config.swift */ = {isa = PBXFileReference; fileEncoding = 4; lastKnownFileType = sourcecode.swift; path = Config.swift; sourceTree = "<group>"; };
		B800FBC61DACCE73002E449F /* Keychain.swift */ = {isa = PBXFileReference; fileEncoding = 4; lastKnownFileType = sourcecode.swift; path = Keychain.swift; sourceTree = "<group>"; };
		B800FBC81DACD420002E449F /* Bolts.framework */ = {isa = PBXFileReference; lastKnownFileType = wrapper.framework; path = Bolts.framework; sourceTree = "<group>"; };
		B87A347A1DAA05F000601B90 /* RiftBets.app */ = {isa = PBXFileReference; explicitFileType = wrapper.application; includeInIndex = 0; path = RiftBets.app; sourceTree = BUILT_PRODUCTS_DIR; };
		B87A347D1DAA05F000601B90 /* AppDelegate.swift */ = {isa = PBXFileReference; lastKnownFileType = sourcecode.swift; path = AppDelegate.swift; sourceTree = "<group>"; };
		B87A347F1DAA05F000601B90 /* HomeViewController.swift */ = {isa = PBXFileReference; lastKnownFileType = sourcecode.swift; path = HomeViewController.swift; sourceTree = "<group>"; };
		B87A34841DAA05F000601B90 /* Base */ = {isa = PBXFileReference; lastKnownFileType = file.storyboard; name = Base; path = Base.lproj/Main.storyboard; sourceTree = "<group>"; };
		B87A34861DAA05F000601B90 /* Assets.xcassets */ = {isa = PBXFileReference; lastKnownFileType = folder.assetcatalog; path = Assets.xcassets; sourceTree = "<group>"; };
		B87A34891DAA05F000601B90 /* Base */ = {isa = PBXFileReference; lastKnownFileType = file.storyboard; name = Base; path = Base.lproj/LaunchScreen.storyboard; sourceTree = "<group>"; };
		B87A348B1DAA05F000601B90 /* Info.plist */ = {isa = PBXFileReference; lastKnownFileType = text.plist.xml; path = Info.plist; sourceTree = "<group>"; };
		B8AF95FE1DC9994B00D87558 /* ScheduleNavigationController.swift */ = {isa = PBXFileReference; fileEncoding = 4; lastKnownFileType = sourcecode.swift; path = ScheduleNavigationController.swift; sourceTree = "<group>"; };
/* End PBXFileReference section */

/* Begin PBXFrameworksBuildPhase section */
		B87A34771DAA05F000601B90 /* Frameworks */ = {
			isa = PBXFrameworksBuildPhase;
			buildActionMask = 2147483647;
			files = (
				B800FBC91DACD420002E449F /* Bolts.framework in Frameworks */,
				B1E39CA3D240DF34014C0B20 /* Pods_RiftBets.framework in Frameworks */,
				B800FBB51DACC5E5002E449F /* FBSDKCoreKit.framework in Frameworks */,
				B800FBB81DACC614002E449F /* FBSDKShareKit.framework in Frameworks */,
				B800FBB61DACC5E5002E449F /* FBSDKLoginKit.framework in Frameworks */,
			);
			runOnlyForDeploymentPostprocessing = 0;
		};
/* End PBXFrameworksBuildPhase section */

/* Begin PBXGroup section */
		7A1B6E5BF0EFF03DB0DC65CC /* Pods */ = {
			isa = PBXGroup;
			children = (
				813FDC87E746BC4944072101 /* Pods-RiftBets.debug.xcconfig */,
				789A826A52746D1540EC8CDD /* Pods-RiftBets.release.xcconfig */,
			);
			name = Pods;
			sourceTree = "<group>";
		};
		B17C5E301DDC37C800BF27DC /* Stats */ = {
			isa = PBXGroup;
			children = (
				B17C5E311DDC37E200BF27DC /* PlayerStatsViewController.swift */,
				B17C5E331DDC387000BF27DC /* MatchStatsViewController.swift */,
			);
			name = Stats;
			sourceTree = "<group>";
		};
		B1E3FA9E1DB7465400592E41 /* Models */ = {
			isa = PBXGroup;
			children = (
				B1E3FA9F1DB7466200592E41 /* ScheduleMatch.swift */,
				B1E3FAA71DCC8E5800592E41 /* MatchDetail.swift */,
			);
			name = Models;
			sourceTree = "<group>";
		};
		B800FBB91DACC770002E449F /* ViewControllers */ = {
			isa = PBXGroup;
			children = (
				B8BBBA0B1DC05E840058C470 /* Auth */,
				B8BBBA091DC05E470058C470 /* TabBar */,
			);
			name = ViewControllers;
			sourceTree = "<group>";
		};
		B800FBBA1DACCADE002E449F /* Managers */ = {
			isa = PBXGroup;
			children = (
				B800FBBB1DACCAF1002E449F /* API.swift */,
				B800FBC61DACCE73002E449F /* Keychain.swift */,
			);
			name = Managers;
			sourceTree = "<group>";
		};
		B800FBBD1DACCB5D002E449F /* Libraries */ = {
			isa = PBXGroup;
			children = (
			);
			name = Libraries;
			sourceTree = "<group>";
		};
		B800FBC01DACCE22002E449F /* Helpers */ = {
			isa = PBXGroup;
			children = (
				B800FBC11DACCE2A002E449F /* Device.swift */,
			);
			name = Helpers;
			sourceTree = "<group>";
		};
		B800FBC31DACCE4F002E449F /* Config */ = {
			isa = PBXGroup;
			children = (
				B800FBC41DACCE55002E449F /* Config.swift */,
			);
			name = Config;
			sourceTree = "<group>";
		};
		B84CF2121DD83B5400FEA310 /* Twitch */ = {
			isa = PBXGroup;
			children = (
			);
			name = Twitch;
			sourceTree = "<group>";
		};
		B87379261DDEF95B00259EE0 /* NavVC */ = {
			isa = PBXGroup;
			children = (
				B8AF95FE1DC9994B00D87558 /* ScheduleNavigationController.swift */,
			);
			name = NavVC;
			sourceTree = "<group>";
		};
		B87379271DDEF97000259EE0 /* VCs */ = {
			isa = PBXGroup;
			children = (
				B17C5E301DDC37C800BF27DC /* Stats */,
				B1E3FA9C1DB717DE00592E41 /* MatchDetailViewController.swift */,
				B1E3FAA11DB96F9300592E41 /* MatchDateViewController.swift */,
				B12319681DE40CAA00D58389 /* PlaceBetsViewController.swift */,
			);
			name = VCs;
			sourceTree = "<group>";
		};
		B87379281DDEF98E00259EE0 /* TabVC */ = {
			isa = PBXGroup;
			children = (
				B1E3FA981DB7177C00592E41 /* TabbedViewController.swift */,
			);
			name = TabVC;
			sourceTree = "<group>";
		};
		B87A34711DAA05F000601B90 = {
			isa = PBXGroup;
			children = (
				B87A347C1DAA05F000601B90 /* RiftBets */,
				B87A347B1DAA05F000601B90 /* Products */,
				7A1B6E5BF0EFF03DB0DC65CC /* Pods */,
				C01AC0628FC8705A6F4A68D0 /* Frameworks */,
			);
			sourceTree = "<group>";
		};
		B87A347B1DAA05F000601B90 /* Products */ = {
			isa = PBXGroup;
			children = (
				B87A347A1DAA05F000601B90 /* RiftBets.app */,
			);
			name = Products;
			sourceTree = "<group>";
		};
		B87A347C1DAA05F000601B90 /* RiftBets */ = {
			isa = PBXGroup;
			children = (
				B1DD8CC01DDED7FA001654CC /* RiftBets.entitlements */,
				B8BBBA0C1DC05E950058C470 /* Cells */,
				B1E3FA9E1DB7465400592E41 /* Models */,
				B800FBC31DACCE4F002E449F /* Config */,
				B800FBC01DACCE22002E449F /* Helpers */,
				B800FBBD1DACCB5D002E449F /* Libraries */,
				B800FBBA1DACCADE002E449F /* Managers */,
				B800FBB91DACC770002E449F /* ViewControllers */,
				B87A347D1DAA05F000601B90 /* AppDelegate.swift */,
				B87A34831DAA05F000601B90 /* Main.storyboard */,
				B87A34881DAA05F000601B90 /* LaunchScreen.storyboard */,
				B87A34861DAA05F000601B90 /* Assets.xcassets */,
				B87A348B1DAA05F000601B90 /* Info.plist */,
				B16F9C811DAA0D3800ED03D7 /* RiftBets-Bridging-Header.h */,
			);
			path = RiftBets;
			sourceTree = "<group>";
		};
		B8BBBA091DC05E470058C470 /* TabBar */ = {
			isa = PBXGroup;
			children = (
				B87379281DDEF98E00259EE0 /* TabVC */,
				B84CF2121DD83B5400FEA310 /* Twitch */,
				B8BBBA0A1DC05E520058C470 /* Schedule */,
			);
			name = TabBar;
			sourceTree = "<group>";
		};
		B8BBBA0A1DC05E520058C470 /* Schedule */ = {
			isa = PBXGroup;
			children = (
				B87379271DDEF97000259EE0 /* VCs */,
				B87379261DDEF95B00259EE0 /* NavVC */,
			);
			name = Schedule;
			sourceTree = "<group>";
		};
		B8BBBA0B1DC05E840058C470 /* Auth */ = {
			isa = PBXGroup;
			children = (
				B87A347F1DAA05F000601B90 /* HomeViewController.swift */,
			);
			name = Auth;
			sourceTree = "<group>";
		};
		B8BBBA0C1DC05E950058C470 /* Cells */ = {
			isa = PBXGroup;
			children = (
				B1E3FAA31DBDBF6000592E41 /* MatchDateCustomCell.swift */,
				B1BF6BD61DD58C2C00F95E60 /* PlayerStatsCustomCell.swift */,
				B13287E21DE419C300754748 /* PlaceBetsCustomCell.swift */,
				B13287E41DE4357300754748 /* TeamAnswersCustomCell.swift */,
				B13287E81DE4366700754748 /* SummonerSkillsAnswerCustomCell.swift */,
				B13287EA1DE436CC00754748 /* ItemBuildAnswerCustomCell.swift */,
				B13287EC1DE55FD800754748 /* StandardAnswerCustomCell.swift */,
			);
			name = Cells;
			sourceTree = "<group>";
		};
		C01AC0628FC8705A6F4A68D0 /* Frameworks */ = {
			isa = PBXGroup;
			children = (
				B800FBC81DACD420002E449F /* Bolts.framework */,
				B800FBB71DACC614002E449F /* FBSDKShareKit.framework */,
				B800FBB31DACC5E5002E449F /* FBSDKCoreKit.framework */,
				B800FBB41DACC5E5002E449F /* FBSDKLoginKit.framework */,
				0886AB75FE84F0BCDA8DEF43 /* Pods_RiftBets.framework */,
			);
			name = Frameworks;
			sourceTree = "<group>";
		};
/* End PBXGroup section */

/* Begin PBXNativeTarget section */
		B87A34791DAA05F000601B90 /* RiftBets */ = {
			isa = PBXNativeTarget;
			buildConfigurationList = B87A348E1DAA05F000601B90 /* Build configuration list for PBXNativeTarget "RiftBets" */;
			buildPhases = (
				0B13A326385175CE9878E65A /* [CP] Check Pods Manifest.lock */,
				B87A34761DAA05F000601B90 /* Sources */,
				B87A34771DAA05F000601B90 /* Frameworks */,
				B87A34781DAA05F000601B90 /* Resources */,
				F9562D5AF153BD8CF80B4EB0 /* [CP] Embed Pods Frameworks */,
				04D562E81308F23718C34F34 /* [CP] Copy Pods Resources */,
				B87A34911DAA066300601B90 /* ShellScript */,
			);
			buildRules = (
			);
			dependencies = (
			);
			name = RiftBets;
			productName = RiftBets;
			productReference = B87A347A1DAA05F000601B90 /* RiftBets.app */;
			productType = "com.apple.product-type.application";
		};
/* End PBXNativeTarget section */

/* Begin PBXProject section */
		B87A34721DAA05F000601B90 /* Project object */ = {
			isa = PBXProject;
			attributes = {
				LastSwiftUpdateCheck = 0730;
				LastUpgradeCheck = 0810;
				ORGANIZATIONNAME = "Brad Bernard";
				TargetAttributes = {
					B87A34791DAA05F000601B90 = {
						CreatedOnToolsVersion = 7.3.1;
						DevelopmentTeam = 9CFFSQMQBL;
						SystemCapabilities = {
							com.apple.Keychain = {
								enabled = 1;
							};
						};
					};
				};
			};
			buildConfigurationList = B87A34751DAA05F000601B90 /* Build configuration list for PBXProject "RiftBets" */;
			compatibilityVersion = "Xcode 3.2";
			developmentRegion = English;
			hasScannedForEncodings = 0;
			knownRegions = (
				en,
				Base,
			);
			mainGroup = B87A34711DAA05F000601B90;
			productRefGroup = B87A347B1DAA05F000601B90 /* Products */;
			projectDirPath = "";
			projectRoot = "";
			targets = (
				B87A34791DAA05F000601B90 /* RiftBets */,
			);
		};
/* End PBXProject section */

/* Begin PBXResourcesBuildPhase section */
		B87A34781DAA05F000601B90 /* Resources */ = {
			isa = PBXResourcesBuildPhase;
			buildActionMask = 2147483647;
			files = (
				B87A348A1DAA05F000601B90 /* LaunchScreen.storyboard in Resources */,
				B87A34871DAA05F000601B90 /* Assets.xcassets in Resources */,
				B87A34851DAA05F000601B90 /* Main.storyboard in Resources */,
			);
			runOnlyForDeploymentPostprocessing = 0;
		};
/* End PBXResourcesBuildPhase section */

/* Begin PBXShellScriptBuildPhase section */
		04D562E81308F23718C34F34 /* [CP] Copy Pods Resources */ = {
			isa = PBXShellScriptBuildPhase;
			buildActionMask = 2147483647;
			files = (
			);
			inputPaths = (
			);
			name = "[CP] Copy Pods Resources";
			outputPaths = (
			);
			runOnlyForDeploymentPostprocessing = 0;
			shellPath = /bin/sh;
			shellScript = "\"${SRCROOT}/Pods/Target Support Files/Pods-RiftBets/Pods-RiftBets-resources.sh\"\n";
			showEnvVarsInLog = 0;
		};
		0B13A326385175CE9878E65A /* [CP] Check Pods Manifest.lock */ = {
			isa = PBXShellScriptBuildPhase;
			buildActionMask = 2147483647;
			files = (
			);
			inputPaths = (
			);
			name = "[CP] Check Pods Manifest.lock";
			outputPaths = (
			);
			runOnlyForDeploymentPostprocessing = 0;
			shellPath = /bin/sh;
			shellScript = "diff \"${PODS_ROOT}/../Podfile.lock\" \"${PODS_ROOT}/Manifest.lock\" > /dev/null\nif [ $? != 0 ] ; then\n    # print error to STDERR\n    echo \"error: The sandbox is not in sync with the Podfile.lock. Run 'pod install' or update your CocoaPods installation.\" >&2\n    exit 1\nfi\n";
			showEnvVarsInLog = 0;
		};
		B87A34911DAA066300601B90 /* ShellScript */ = {
			isa = PBXShellScriptBuildPhase;
			buildActionMask = 2147483647;
			files = (
			);
			inputPaths = (
			);
			outputPaths = (
			);
			runOnlyForDeploymentPostprocessing = 0;
			shellPath = /bin/sh;
			shellScript = "\"${PODS_ROOT}/Fabric/run\" 75fe856ed4a730b0163d88086dc810de3b3212ef 02432b8b7b3dfce31d83e5f7eb181c616f6e244808da07d95ad3f0d58d424cfa";
		};
		F9562D5AF153BD8CF80B4EB0 /* [CP] Embed Pods Frameworks */ = {
			isa = PBXShellScriptBuildPhase;
			buildActionMask = 2147483647;
			files = (
			);
			inputPaths = (
			);
			name = "[CP] Embed Pods Frameworks";
			outputPaths = (
			);
			runOnlyForDeploymentPostprocessing = 0;
			shellPath = /bin/sh;
			shellScript = "\"${SRCROOT}/Pods/Target Support Files/Pods-RiftBets/Pods-RiftBets-frameworks.sh\"\n";
			showEnvVarsInLog = 0;
		};
/* End PBXShellScriptBuildPhase section */

/* Begin PBXSourcesBuildPhase section */
		B87A34761DAA05F000601B90 /* Sources */ = {
			isa = PBXSourcesBuildPhase;
			buildActionMask = 2147483647;
			files = (
				B1E3FAA01DB7466200592E41 /* ScheduleMatch.swift in Sources */,
				B17C5E321DDC37E200BF27DC /* PlayerStatsViewController.swift in Sources */,
				B87A347E1DAA05F000601B90 /* AppDelegate.swift in Sources */,
				B800FBBC1DACCAF1002E449F /* API.swift in Sources */,
				B17C5E341DDC387000BF27DC /* MatchStatsViewController.swift in Sources */,
				B1E3FA991DB7177C00592E41 /* TabbedViewController.swift in Sources */,
				B800FBC51DACCE55002E449F /* Config.swift in Sources */,
				B1E3FAA81DCC8E5800592E41 /* MatchDetail.swift in Sources */,
				B13287E51DE4357300754748 /* TeamAnswersCustomCell.swift in Sources */,
				B1E3FAA41DBDBF6000592E41 /* MatchDateCustomCell.swift in Sources */,
				B1E3FAA21DB96F9300592E41 /* MatchDateViewController.swift in Sources */,
				B12319691DE40CAA00D58389 /* PlaceBetsViewController.swift in Sources */,
				B87A34801DAA05F000601B90 /* HomeViewController.swift in Sources */,
				B1BF6BD71DD58C2C00F95E60 /* PlayerStatsCustomCell.swift in Sources */,
				B13287EB1DE436CC00754748 /* ItemBuildAnswerCustomCell.swift in Sources */,
				B13287E91DE4366700754748 /* SummonerSkillsAnswerCustomCell.swift in Sources */,
				B800FBC21DACCE2A002E449F /* Device.swift in Sources */,
				B13287E31DE419C300754748 /* PlaceBetsCustomCell.swift in Sources */,
				B1E3FA9D1DB717DE00592E41 /* MatchDetailViewController.swift in Sources */,
				B8AF95FF1DC9994B00D87558 /* ScheduleNavigationController.swift in Sources */,
				B800FBC71DACCE73002E449F /* Keychain.swift in Sources */,
				B13287ED1DE55FD800754748 /* StandardAnswerCustomCell.swift in Sources */,
			);
			runOnlyForDeploymentPostprocessing = 0;
		};
/* End PBXSourcesBuildPhase section */

/* Begin PBXVariantGroup section */
		B87A34831DAA05F000601B90 /* Main.storyboard */ = {
			isa = PBXVariantGroup;
			children = (
				B87A34841DAA05F000601B90 /* Base */,
			);
			name = Main.storyboard;
			sourceTree = "<group>";
		};
		B87A34881DAA05F000601B90 /* LaunchScreen.storyboard */ = {
			isa = PBXVariantGroup;
			children = (
				B87A34891DAA05F000601B90 /* Base */,
			);
			name = LaunchScreen.storyboard;
			sourceTree = "<group>";
		};
/* End PBXVariantGroup section */

/* Begin XCBuildConfiguration section */
		B87A348C1DAA05F000601B90 /* Debug */ = {
			isa = XCBuildConfiguration;
			buildSettings = {
				ALWAYS_SEARCH_USER_PATHS = NO;
				CLANG_ANALYZER_NONNULL = YES;
				CLANG_CXX_LANGUAGE_STANDARD = "gnu++0x";
				CLANG_CXX_LIBRARY = "libc++";
				CLANG_ENABLE_MODULES = YES;
				CLANG_ENABLE_OBJC_ARC = YES;
				CLANG_WARN_BOOL_CONVERSION = YES;
				CLANG_WARN_CONSTANT_CONVERSION = YES;
				CLANG_WARN_DIRECT_OBJC_ISA_USAGE = YES_ERROR;
				CLANG_WARN_EMPTY_BODY = YES;
				CLANG_WARN_ENUM_CONVERSION = YES;
				CLANG_WARN_INFINITE_RECURSION = YES;
				CLANG_WARN_INT_CONVERSION = YES;
				CLANG_WARN_OBJC_ROOT_CLASS = YES_ERROR;
				CLANG_WARN_SUSPICIOUS_MOVE = YES;
				CLANG_WARN_UNREACHABLE_CODE = YES;
				CLANG_WARN__DUPLICATE_METHOD_MATCH = YES;
				"CODE_SIGN_IDENTITY[sdk=iphoneos*]" = "iPhone Developer";
				COPY_PHASE_STRIP = NO;
				DEBUG_INFORMATION_FORMAT = dwarf;
				ENABLE_STRICT_OBJC_MSGSEND = YES;
				ENABLE_TESTABILITY = YES;
				GCC_C_LANGUAGE_STANDARD = gnu99;
				GCC_DYNAMIC_NO_PIC = NO;
				GCC_NO_COMMON_BLOCKS = YES;
				GCC_OPTIMIZATION_LEVEL = 0;
				GCC_PREPROCESSOR_DEFINITIONS = (
					"DEBUG=1",
					"$(inherited)",
				);
				GCC_WARN_64_TO_32_BIT_CONVERSION = YES;
				GCC_WARN_ABOUT_RETURN_TYPE = YES_ERROR;
				GCC_WARN_UNDECLARED_SELECTOR = YES;
				GCC_WARN_UNINITIALIZED_AUTOS = YES_AGGRESSIVE;
				GCC_WARN_UNUSED_FUNCTION = YES;
				GCC_WARN_UNUSED_VARIABLE = YES;
				IPHONEOS_DEPLOYMENT_TARGET = 9.3;
				MTL_ENABLE_DEBUG_INFO = YES;
				ONLY_ACTIVE_ARCH = YES;
				SDKROOT = iphoneos;
				SWIFT_OPTIMIZATION_LEVEL = "-Onone";
			};
			name = Debug;
		};
		B87A348D1DAA05F000601B90 /* Release */ = {
			isa = XCBuildConfiguration;
			buildSettings = {
				ALWAYS_SEARCH_USER_PATHS = NO;
				CLANG_ANALYZER_NONNULL = YES;
				CLANG_CXX_LANGUAGE_STANDARD = "gnu++0x";
				CLANG_CXX_LIBRARY = "libc++";
				CLANG_ENABLE_MODULES = YES;
				CLANG_ENABLE_OBJC_ARC = YES;
				CLANG_WARN_BOOL_CONVERSION = YES;
				CLANG_WARN_CONSTANT_CONVERSION = YES;
				CLANG_WARN_DIRECT_OBJC_ISA_USAGE = YES_ERROR;
				CLANG_WARN_EMPTY_BODY = YES;
				CLANG_WARN_ENUM_CONVERSION = YES;
				CLANG_WARN_INFINITE_RECURSION = YES;
				CLANG_WARN_INT_CONVERSION = YES;
				CLANG_WARN_OBJC_ROOT_CLASS = YES_ERROR;
				CLANG_WARN_SUSPICIOUS_MOVE = YES;
				CLANG_WARN_UNREACHABLE_CODE = YES;
				CLANG_WARN__DUPLICATE_METHOD_MATCH = YES;
				"CODE_SIGN_IDENTITY[sdk=iphoneos*]" = "iPhone Developer";
				COPY_PHASE_STRIP = NO;
				DEBUG_INFORMATION_FORMAT = "dwarf-with-dsym";
				ENABLE_NS_ASSERTIONS = NO;
				ENABLE_STRICT_OBJC_MSGSEND = YES;
				GCC_C_LANGUAGE_STANDARD = gnu99;
				GCC_NO_COMMON_BLOCKS = YES;
				GCC_WARN_64_TO_32_BIT_CONVERSION = YES;
				GCC_WARN_ABOUT_RETURN_TYPE = YES_ERROR;
				GCC_WARN_UNDECLARED_SELECTOR = YES;
				GCC_WARN_UNINITIALIZED_AUTOS = YES_AGGRESSIVE;
				GCC_WARN_UNUSED_FUNCTION = YES;
				GCC_WARN_UNUSED_VARIABLE = YES;
				IPHONEOS_DEPLOYMENT_TARGET = 9.3;
				MTL_ENABLE_DEBUG_INFO = NO;
				SDKROOT = iphoneos;
				SWIFT_OPTIMIZATION_LEVEL = "-Owholemodule";
				VALIDATE_PRODUCT = YES;
			};
			name = Release;
		};
		B87A348F1DAA05F000601B90 /* Debug */ = {
			isa = XCBuildConfiguration;
			baseConfigurationReference = 813FDC87E746BC4944072101 /* Pods-RiftBets.debug.xcconfig */;
			buildSettings = {
				ALWAYS_EMBED_SWIFT_STANDARD_LIBRARIES = YES;
				ASSETCATALOG_COMPILER_APPICON_NAME = AppIcon;
				CLANG_ENABLE_MODULES = YES;
				CODE_SIGN_ENTITLEMENTS = RiftBets/RiftBets.entitlements;
				DEVELOPMENT_TEAM = 9CFFSQMQBL;
				FRAMEWORK_SEARCH_PATHS = (
					"$(inherited)",
					"$(PROJECT_DIR)",
				);
				INFOPLIST_FILE = RiftBets/Info.plist;
				LD_RUNPATH_SEARCH_PATHS = "$(inherited) @executable_path/Frameworks";
				PRODUCT_BUNDLE_IDENTIFIER = com.bradbernard.RiftBets;
				PRODUCT_NAME = "$(TARGET_NAME)";
				SWIFT_OBJC_BRIDGING_HEADER = "RiftBets-Bridging-Header.h";
				SWIFT_OPTIMIZATION_LEVEL = "-Onone";
				SWIFT_VERSION = 2.3;
			};
			name = Debug;
		};
		B87A34901DAA05F000601B90 /* Release */ = {
			isa = XCBuildConfiguration;
			baseConfigurationReference = 789A826A52746D1540EC8CDD /* Pods-RiftBets.release.xcconfig */;
			buildSettings = {
				ALWAYS_EMBED_SWIFT_STANDARD_LIBRARIES = YES;
				ASSETCATALOG_COMPILER_APPICON_NAME = AppIcon;
				CLANG_ENABLE_MODULES = YES;
				CODE_SIGN_ENTITLEMENTS = RiftBets/RiftBets.entitlements;
				DEVELOPMENT_TEAM = 9CFFSQMQBL;
				FRAMEWORK_SEARCH_PATHS = (
					"$(inherited)",
					"$(PROJECT_DIR)",
				);
				INFOPLIST_FILE = RiftBets/Info.plist;
				LD_RUNPATH_SEARCH_PATHS = "$(inherited) @executable_path/Frameworks";
				PRODUCT_BUNDLE_IDENTIFIER = com.bradbernard.RiftBets;
				PRODUCT_NAME = "$(TARGET_NAME)";
				SWIFT_OBJC_BRIDGING_HEADER = "RiftBets-Bridging-Header.h";
				SWIFT_VERSION = 2.3;
			};
			name = Release;
		};
/* End XCBuildConfiguration section */

/* Begin XCConfigurationList section */
		B87A34751DAA05F000601B90 /* Build configuration list for PBXProject "RiftBets" */ = {
			isa = XCConfigurationList;
			buildConfigurations = (
				B87A348C1DAA05F000601B90 /* Debug */,
				B87A348D1DAA05F000601B90 /* Release */,
			);
			defaultConfigurationIsVisible = 0;
			defaultConfigurationName = Release;
		};
		B87A348E1DAA05F000601B90 /* Build configuration list for PBXNativeTarget "RiftBets" */ = {
			isa = XCConfigurationList;
			buildConfigurations = (
				B87A348F1DAA05F000601B90 /* Debug */,
				B87A34901DAA05F000601B90 /* Release */,
			);
			defaultConfigurationIsVisible = 0;
			defaultConfigurationName = Release;
		};
/* End XCConfigurationList section */
	};
	rootObject = B87A34721DAA05F000601B90 /* Project object */;
}
